
Microsoft Visual Studio Solution File, Format Version 12.00
# Visual Studio Version 17
VisualStudioVersion = 17.7.34031.279
MinimumVisualStudioVersion = 10.0.40219.1
Project("{9A19103F-16F7-4668-BE54-9A1E7A4F7556}") = "Cafeteria", "Cafeteria\Cafeteria.csproj", "{FECDE467-319C-4C3D-B642-529627F87C90}"
EndProject
Global
	GlobalSection(SolutionConfigurationPlatforms) = preSolution
		Debug|Any CPU = Debug|Any CPU
		Release|Any CPU = Release|Any CPU
	EndGlobalSection
	GlobalSection(ProjectConfigurationPlatforms) = postSolution
		{FECDE467-319C-4C3D-B642-529627F87C90}.Debug|Any CPU.ActiveCfg = Debug|Any CPU
		{FECDE467-319C-4C3D-B642-529627F87C90}.Debug|Any CPU.Build.0 = Debug|Any CPU
		{FECDE467-319C-4C3D-B642-529627F87C90}.Release|Any CPU.ActiveCfg = Release|Any CPU
		{FECDE467-319C-4C3D-B642-529627F87C90}.Release|Any CPU.Build.0 = Release|Any CPU
	EndGlobalSection
	GlobalSection(SolutionProperties) = preSolution
		HideSolutionNode = FALSE
	EndGlobalSection
	GlobalSection(ExtensibilityGlobals) = postSolution
		SolutionGuid = {46AD6463-6646-4F7A-BA03-AEC0C17F55DC}
	EndGlobalSection
EndGlobal
